
Microsoft Visual Studio Solution File, Format Version 12.00
# Visual Studio Version 16
VisualStudioVersion = 16.0.29613.14
MinimumVisualStudioVersion = 10.0.40219.1
Project("{FAE04EC0-301F-11D3-BF4B-00C04F79EFBC}") = "PizzaBox.Client", "PizzaBox.Client\PizzaBox.Client.csproj", "{5BB172A9-96E4-4E7C-B134-6068FF811B30}"
EndProject
Project("{FAE04EC0-301F-11D3-BF4B-00C04F79EFBC}") = "PizzaBox.Domain", "PizzaBox.Domain\PizzaBox.Domain.csproj", "{0E60B5E6-D7E1-4E30-8770-737B27C9B384}"
EndProject
Project("{FAE04EC0-301F-11D3-BF4B-00C04F79EFBC}") = "PizzaBox.Storing", "PizzaBox.Storing\PizzaBox.Storing.csproj", "{A79D5D28-6E46-46DF-BEAF-E375EEF54ACC}"
EndProject
Project("{FAE04EC0-301F-11D3-BF4B-00C04F79EFBC}") = "PizzaBox.Testing", "PizzaBox.Testing\PizzaBox.Testing.csproj", "{C8853ED1-E22F-43BD-969E-28F9C944C8B1}"
EndProject
Global
	GlobalSection(SolutionConfigurationPlatforms) = preSolution
		Debug|Any CPU = Debug|Any CPU
		Release|Any CPU = Release|Any CPU
	EndGlobalSection
	GlobalSection(ProjectConfigurationPlatforms) = postSolution
		{5BB172A9-96E4-4E7C-B134-6068FF811B30}.Debug|Any CPU.ActiveCfg = Debug|Any CPU
		{5BB172A9-96E4-4E7C-B134-6068FF811B30}.Debug|Any CPU.Build.0 = Debug|Any CPU
		{5BB172A9-96E4-4E7C-B134-6068FF811B30}.Release|Any CPU.ActiveCfg = Release|Any CPU
		{5BB172A9-96E4-4E7C-B134-6068FF811B30}.Release|Any CPU.Build.0 = Release|Any CPU
		{0E60B5E6-D7E1-4E30-8770-737B27C9B384}.Debug|Any CPU.ActiveCfg = Debug|Any CPU
		{0E60B5E6-D7E1-4E30-8770-737B27C9B384}.Debug|Any CPU.Build.0 = Debug|Any CPU
		{0E60B5E6-D7E1-4E30-8770-737B27C9B384}.Release|Any CPU.ActiveCfg = Release|Any CPU
		{0E60B5E6-D7E1-4E30-8770-737B27C9B384}.Release|Any CPU.Build.0 = Release|Any CPU
		{A79D5D28-6E46-46DF-BEAF-E375EEF54ACC}.Debug|Any CPU.ActiveCfg = Debug|Any CPU
		{A79D5D28-6E46-46DF-BEAF-E375EEF54ACC}.Debug|Any CPU.Build.0 = Debug|Any CPU
		{A79D5D28-6E46-46DF-BEAF-E375EEF54ACC}.Release|Any CPU.ActiveCfg = Release|Any CPU
		{A79D5D28-6E46-46DF-BEAF-E375EEF54ACC}.Release|Any CPU.Build.0 = Release|Any CPU
		{C8853ED1-E22F-43BD-969E-28F9C944C8B1}.Debug|Any CPU.ActiveCfg = Debug|Any CPU
		{C8853ED1-E22F-43BD-969E-28F9C944C8B1}.Debug|Any CPU.Build.0 = Debug|Any CPU
		{C8853ED1-E22F-43BD-969E-28F9C944C8B1}.Release|Any CPU.ActiveCfg = Release|Any CPU
		{C8853ED1-E22F-43BD-969E-28F9C944C8B1}.Release|Any CPU.Build.0 = Release|Any CPU
	EndGlobalSection
	GlobalSection(SolutionProperties) = preSolution
		HideSolutionNode = FALSE
	EndGlobalSection
	GlobalSection(ExtensibilityGlobals) = postSolution
		SolutionGuid = {1C7C0263-F2AF-4132-B22D-7974BE184D30}
	EndGlobalSection
EndGlobal
